lockfileVersion: '9.0'

settings:
  autoInstallPeers: true
  excludeLinksFromLockfile: false

importers:

  .:
    dependencies:
      p-queue:
        specifier: ^8.1.0
        version: 8.1.0
      progress:
        specifier: ^2.0.3
        version: 2.0.3
    devDependencies:
      '@types/progress':
        specifier: ^2.0.7
        version: 2.0.7

packages:

  '@types/node@22.12.0':
    resolution: {integrity: sha512-Fll2FZ1riMjNmlmJOdAyY5pUbkftXslB5DgEzlIuNaiWhXd00FhWxVC/r4yV/4wBb9JfImTu+jiSvXTkJ7F/gA==}

  '@types/progress@2.0.7':
    resolution: {integrity: sha512-iadjw02vte8qWx7U0YM++EybBha2CQLPGu9iJ97whVgJUT5Zq9MjAPYUnbfRI2Kpehimf1QjFJYxD0t8nqzu5w==}

  eventemitter3@5.0.1:
    resolution: {integrity: sha512-GWkBvjiSZK87ELrYOSESUYeVIc9mvLLf/nXalMOS5dYrgZq9o5OVkbZAVM06CVxYsCwH9BDZFPlQTlPA1j4ahA==}

  p-queue@8.1.0:
    resolution: {integrity: sha512-mxLDbbGIBEXTJL0zEx8JIylaj3xQ7Z/7eEVjcF9fJX4DBiH9oqe+oahYnlKKxm0Ci9TlWTyhSHgygxMxjIB2jw==}
    engines: {node: '>=18'}

  p-timeout@6.1.4:
    resolution: {integrity: sha512-MyIV3ZA/PmyBN/ud8vV9XzwTrNtR4jFrObymZYnZqMmW0zA8Z17vnT0rBgFE/TlohB+YCHqXMgZzb3Csp49vqg==}
    engines: {node: '>=14.16'}

  progress@2.0.3:
    resolution: {integrity: sha512-7PiHtLll5LdnKIMw100I+8xJXR5gW2QwWYkT6iJva0bXitZKa/XMrSbdmg3r2Xnaidz9Qumd0VPaMrZlF9V9sA==}
    engines: {node: '>=0.4.0'}

  undici-types@6.20.0:
    resolution: {integrity: sha512-Ny6QZ2Nju20vw1SRHe3d9jVu6gJ+4e3+MMpqu7pqE5HT6WsTSlce++GQmK5UXS8mzV8DSYHrQH+Xrf2jVcuKNg==}

snapshots:

  '@types/node@22.12.0':
    dependencies:
      undici-types: 6.20.0

  '@types/progress@2.0.7':
    dependencies:
      '@types/node': 22.12.0

  eventemitter3@5.0.1: {}

  p-queue@8.1.0:
    dependencies:
      eventemitter3: 5.0.1
      p-timeout: 6.1.4

  p-timeout@6.1.4: {}

  progress@2.0.3: {}

  undici-types@6.20.0: {}
